// !$*UTF8*$!
{
	archiveVersion = 1;
	classes = {
	};
	objectVersion = 46;
	objects = {

/* Begin PBXBuildFile section */
		F98BBA811E9CA26000644365 /* main.m in Sources */ = {isa = PBXBuildFile; fileRef = F98BBA801E9CA26000644365 /* main.m */; };
		F98BBA841E9CA26000644365 /* AppDelegate.m in Sources */ = {isa = PBXBuildFile; fileRef = F98BBA831E9CA26000644365 /* AppDelegate.m */; };
		F98BBA871E9CA26000644365 /* ViewController.m in Sources */ = {isa = PBXBuildFile; fileRef = F98BBA861E9CA26000644365 /* ViewController.m */; };
		F98BBA8A1E9CA26000644365 /* Main.storyboard in Resources */ = {isa = PBXBuildFile; fileRef = F98BBA881E9CA26000644365 /* Main.storyboard */; };
		F98BBA8C1E9CA26000644365 /* Assets.xcassets in Resources */ = {isa = PBXBuildFile; fileRef = F98BBA8B1E9CA26000644365 /* Assets.xcassets */; };
		F98BBA8F1E9CA26000644365 /* LaunchScreen.storyboard in Resources */ = {isa = PBXBuildFile; fileRef = F98BBA8D1E9CA26000644365 /* LaunchScreen.storyboard */; };
		F98BBA971E9CA31300644365 /* 00.jpg in Resources */ = {isa = PBXBuildFile; fileRef = F98BBA961E9CA31300644365 /* 00.jpg */; };
/* End PBXBuildFile section */

/* Begin PBXFileReference section */
		F98BBA7C1E9CA26000644365 /* UIMotionEffect.app */ = {isa = PBXFileReference; explicitFileType = wrapper.application; includeInIndex = 0; path = UIMotionEffect.app; sourceTree = BUILT_PRODUCTS_DIR; };
		F98BBA801E9CA26000644365 /* main.m */ = {isa = PBXFileReference; lastKnownFileType = sourcecode.c.objc; path = main.m; sourceTree = "<group>"; };
		F98BBA821E9CA26000644365 /* AppDelegate.h */ = {isa = PBXFileReference; lastKnownFileType = sourcecode.c.h; path = AppDelegate.h; sourceTree = "<group>"; };
		F98BBA831E9CA26000644365 /* AppDelegate.m */ = {isa = PBXFileReference; lastKnownFileType = sourcecode.c.objc; path = AppDelegate.m; sourceTree = "<group>"; };
		F98BBA851E9CA26000644365 /* ViewController.h */ = {isa = PBXFileReference; lastKnownFileType = sourcecode.c.h; path = ViewController.h; sourceTree = "<group>"; };
		F98BBA861E9CA26000644365 /* ViewController.m */ = {isa = PBXFileReference; lastKnownFileType = sourcecode.c.objc; path = ViewController.m; sourceTree = "<group>"; };
		F98BBA891E9CA26000644365 /* Base */ = {isa = PBXFileReference; lastKnownFileType = file.storyboard; name = Base; path = Base.lproj/Main.storyboard; sourceTree = "<group>"; };
		F98BBA8B1E9CA26000644365 /* Assets.xcassets */ = {isa = PBXFileReference; lastKnownFileType = folder.assetcatalog; path = Assets.xcassets; sourceTree = "<group>"; };
		F98BBA8E1E9CA26000644365 /* Base */ = {isa = PBXFileReference; lastKnownFileType = file.storyboard; name = Base; path = Base.lproj/LaunchScreen.storyboard; sourceTree = "<group>"; };
		F98BBA901E9CA26000644365 /* Info.plist */ = {isa = PBXFileReference; lastKnownFileType = text.plist.xml; path = Info.plist; sourceTree = "<group>"; };
		F98BBA961E9CA31300644365 /* 00.jpg */ = {isa = PBXFileReference; lastKnownFileType = image.jpeg; path = 00.jpg; sourceTree = "<group>"; };
/* End PBXFileReference section */

/* Begin PBXFrameworksBuildPhase section */
		F98BBA791E9CA26000644365 /* Frameworks */ = {
			isa = PBXFrameworksBuildPhase;
			buildActionMask = 2147483647;
			files = (
			);
			runOnlyForDeploymentPostprocessing = 0;
		};
/* End PBXFrameworksBuildPhase section */

/* Begin PBXGroup section */
		F98BBA731E9CA26000644365 = {
			isa = PBXGroup;
			children = (
				F98BBA7E1E9CA26000644365 /* UIMotionEffect */,
				F98BBA7D1E9CA26000644365 /* Products */,
			);
			sourceTree = "<group>";
		};
		F98BBA7D1E9CA26000644365 /* Products */ = {
			isa = PBXGroup;
			children = (
				F98BBA7C1E9CA26000644365 /* UIMotionEffect.app */,
			);
			name = Products;
			sourceTree = "<group>";
		};
		F98BBA7E1E9CA26000644365 /* UIMotionEffect */ = {
			isa = PBXGroup;
			children = (
				F98BBA961E9CA31300644365 /* 00.jpg */,
				F98BBA821E9CA26000644365 /* AppDelegate.h */,
				F98BBA831E9CA26000644365 /* AppDelegate.m */,
				F98BBA851E9CA26000644365 /* ViewController.h */,
				F98BBA861E9CA26000644365 /* ViewController.m */,
				F98BBA881E9CA26000644365 /* Main.storyboard */,
				F98BBA7F1E9CA26000644365 /* Supporting Files */,
			);
			path = UIMotionEffect;
			sourceTree = "<group>";
		};
		F98BBA7F1E9CA26000644365 /* Supporting Files */ = {
			isa = PBXGroup;
			children = (
				F98BBA8B1E9CA26000644365 /* Assets.xcassets */,
				F98BBA8D1E9CA26000644365 /* LaunchScreen.storyboard */,
				F98BBA901E9CA26000644365 /* Info.plist */,
				F98BBA801E9CA26000644365 /* main.m */,
			);
			name = "Supporting Files";
			sourceTree = "<group>";
		};
/* End PBXGroup section */

/* Begin PBXNativeTarget section */
		F98BBA7B1E9CA26000644365 /* UIMotionEffect */ = {
			isa = PBXNativeTarget;
			buildConfigurationList = F98BBA931E9CA26000644365 /* Build configuration list for PBXNativeTarget "UIMotionEffect" */;
			buildPhases = (
				F98BBA781E9CA26000644365 /* Sources */,
				F98BBA791E9CA26000644365 /* Frameworks */,
				F98BBA7A1E9CA26000644365 /* Resources */,
			);
			buildRules = (
			);
			dependencies = (
			);
			name = UIMotionEffect;
			productName = UIMotionEffect;
			productReference = F98BBA7C1E9CA26000644365 /* UIMotionEffect.app */;
			productType = "com.apple.product-type.application";
		};
/* End PBXNativeTarget section */

/* Begin PBXProject section */
		F98BBA741E9CA26000644365 /* Project object */ = {
			isa = PBXProject;
			attributes = {
				LastUpgradeCheck = 0820;
				ORGANIZATIONNAME = iSong;
				TargetAttributes = {
					F98BBA7B1E9CA26000644365 = {
						CreatedOnToolsVersion = 8.2.1;
						DevelopmentTeam = MHN2XFC72U;
						ProvisioningStyle = Automatic;
					};
				};
			};
			buildConfigurationList = F98BBA771E9CA26000644365 /* Build configuration list for PBXProject "UIMotionEffect" */;
			compatibilityVersion = "Xcode 3.2";
			developmentRegion = English;
			hasScannedForEncodings = 0;
			knownRegions = (
				en,
				Base,
			);
			mainGroup = F98BBA731E9CA26000644365;
			productRefGroup = F98BBA7D1E9CA26000644365 /* Products */;
			projectDirPath = "";
			projectRoot = "";
			targets = (
				F98BBA7B1E9CA26000644365 /* UIMotionEffect */,
			);
		};
/* End PBXProject section */

/* Begin PBXResourcesBuildPhase section */
		F98BBA7A1E9CA26000644365 /* Resources */ = {
			isa = PBXResourcesBuildPhase;
			buildActionMask = 2147483647;
			files = (
				F98BBA8F1E9CA26000644365 /* LaunchScreen.storyboard in Resources */,
				F98BBA8C1E9CA26000644365 /* Assets.xcassets in Resources */,
				F98BBA8A1E9CA26000644365 /* Main.storyboard in Resources */,
				F98BBA971E9CA31300644365 /* 00.jpg in Resources */,
			);
			runOnlyForDeploymentPostprocessing = 0;
		};
/* End PBXResourcesBuildPhase section */

/* Begin PBXSourcesBuildPhase section */
		F98BBA781E9CA26000644365 /* Sources */ = {
			isa = PBXSourcesBuildPhase;
			buildActionMask = 2147483647;
			files = (
				F98BBA871E9CA26000644365 /* ViewController.m in Sources */,
				F98BBA841E9CA26000644365 /* AppDelegate.m in Sources */,
				F98BBA811E9CA26000644365 /* main.m in Sources */,
			);
			runOnlyForDeploymentPostprocessing = 0;
		};
/* End PBXSourcesBuildPhase section */

/* Begin PBXVariantGroup section */
		F98BBA881E9CA26000644365 /* Main.storyboard */ = {
			isa = PBXVariantGroup;
			children = (
				F98BBA891E9CA26000644365 /* Base */,
			);
			name = Main.storyboard;
			sourceTree = "<group>";
		};
		F98BBA8D1E9CA26000644365 /* LaunchScreen.storyboard */ = {
			isa = PBXVariantGroup;
			children = (
				F98BBA8E1E9CA26000644365 /* Base */,
			);
			name = LaunchScreen.storyboard;
			sourceTree = "<group>";
		};
/* End PBXVariantGroup section */

/* Begin XCBuildConfiguration section */
		F98BBA911E9CA26000644365 /* Debug */ = {
			isa = XCBuildConfiguration;
			buildSettings = {
				ALWAYS_SEARCH_USER_PATHS = NO;
				CLANG_ANALYZER_NONNULL = YES;
				CLANG_CXX_LANGUAGE_STANDARD = "gnu++0x";
				CLANG_CXX_LIBRARY = "libc++";
				CLANG_ENABLE_MODULES = YES;
				CLANG_ENABLE_OBJC_ARC = YES;
				CLANG_WARN_BOOL_CONVERSION = YES;
				CLANG_WARN_CONSTANT_CONVERSION = YES;
				CLANG_WARN_DIRECT_OBJC_ISA_USAGE = YES_ERROR;
				CLANG_WARN_DOCUMENTATION_COMMENTS = YES;
				CLANG_WARN_EMPTY_BODY = YES;
				CLANG_WARN_ENUM_CONVERSION = YES;
				CLANG_WARN_INFINITE_RECURSION = YES;
				CLANG_WARN_INT_CONVERSION = YES;
				CLANG_WARN_OBJC_ROOT_CLASS = YES_ERROR;
				CLANG_WARN_SUSPICIOUS_MOVE = YES;
				CLANG_WARN_UNREACHABLE_CODE = YES;
				CLANG_WARN__DUPLICATE_METHOD_MATCH = YES;
				"CODE_SIGN_IDENTITY[sdk=iphoneos*]" = "iPhone Developer";
				COPY_PHASE_STRIP = NO;
				DEBUG_INFORMATION_FORMAT = dwarf;
				ENABLE_STRICT_OBJC_MSGSEND = YES;
				ENABLE_TESTABILITY = YES;
				GCC_C_LANGUAGE_STANDARD = gnu99;
				GCC_DYNAMIC_NO_PIC = NO;
				GCC_NO_COMMON_BLOCKS = YES;
				GCC_OPTIMIZATION_LEVEL = 0;
				GCC_PREPROCESSOR_DEFINITIONS = (
					"DEBUG=1",
					"$(inherited)",
				);
				GCC_WARN_64_TO_32_BIT_CONVERSION = YES;
				GCC_WARN_ABOUT_RETURN_TYPE = YES_ERROR;
				GCC_WARN_UNDECLARED_SELECTOR = YES;
				GCC_WARN_UNINITIALIZED_AUTOS = YES_AGGRESSIVE;
				GCC_WARN_UNUSED_FUNCTION = YES;
				GCC_WARN_UNUSED_VARIABLE = YES;
				IPHONEOS_DEPLOYMENT_TARGET = 10.2;
				MTL_ENABLE_DEBUG_INFO = YES;
				ONLY_ACTIVE_ARCH = YES;
				SDKROOT = iphoneos;
			};
			name = Debug;
		};
		F98BBA921E9CA26000644365 /* Release */ = {
			isa = XCBuildConfiguration;
			buildSettings = {
				ALWAYS_SEARCH_USER_PATHS = NO;
				CLANG_ANALYZER_NONNULL = YES;
				CLANG_CXX_LANGUAGE_STANDARD = "gnu++0x";
				CLANG_CXX_LIBRARY = "libc++";
				CLANG_ENABLE_MODULES = YES;
				CLANG_ENABLE_OBJC_ARC = YES;
				CLANG_WARN_BOOL_CONVERSION = YES;
				CLANG_WARN_CONSTANT_CONVERSION = YES;
				CLANG_WARN_DIRECT_OBJC_ISA_USAGE = YES_ERROR;
				CLANG_WARN_DOCUMENTATION_COMMENTS = YES;
				CLANG_WARN_EMPTY_BODY = YES;
				CLANG_WARN_ENUM_CONVERSION = YES;
				CLANG_WARN_INFINITE_RECURSION = YES;
				CLANG_WARN_INT_CONVERSION = YES;
				CLANG_WARN_OBJC_ROOT_CLASS = YES_ERROR;
				CLANG_WARN_SUSPICIOUS_MOVE = YES;
				CLANG_WARN_UNREACHABLE_CODE = YES;
				CLANG_WARN__DUPLICATE_METHOD_MATCH = YES;
				"CODE_SIGN_IDENTITY[sdk=iphoneos*]" = "iPhone Developer";
				COPY_PHASE_STRIP = NO;
				DEBUG_INFORMATION_FORMAT = "dwarf-with-dsym";
				ENABLE_NS_ASSERTIONS = NO;
				ENABLE_STRICT_OBJC_MSGSEND = YES;
				GCC_C_LANGUAGE_STANDARD = gnu99;
				GCC_NO_COMMON_BLOCKS = YES;
				GCC_WARN_64_TO_32_BIT_CONVERSION = YES;
				GCC_WARN_ABOUT_RETURN_TYPE = YES_ERROR;
				GCC_WARN_UNDECLARED_SELECTOR = YES;
				GCC_WARN_UNINITIALIZED_AUTOS = YES_AGGRESSIVE;
				GCC_WARN_UNUSED_FUNCTION = YES;
				GCC_WARN_UNUSED_VARIABLE = YES;
				IPHONEOS_DEPLOYMENT_TARGET = 10.2;
				MTL_ENABLE_DEBUG_INFO = NO;
				SDKROOT = iphoneos;
				VALIDATE_PRODUCT = YES;
			};
			name = Release;
		};
		F98BBA941E9CA26000644365 /* Debug */ = {
			isa = XCBuildConfiguration;
			buildSettings = {
				ASSETCATALOG_COMPILER_APPICON_NAME = AppIcon;
				DEVELOPMENT_TEAM = MHN2XFC72U;
				INFOPLIST_FILE = UIMotionEffect/Info.plist;
				LD_RUNPATH_SEARCH_PATHS = "$(inherited) @executable_path/Frameworks";
				PRODUCT_BUNDLE_IDENTIFIER = com.zsw.UIMotionEffect;
				PRODUCT_NAME = "$(TARGET_NAME)";
			};
			name = Debug;
		};
		F98BBA951E9CA26000644365 /* Release */ = {
			isa = XCBuildConfiguration;
			buildSettings = {
				ASSETCATALOG_COMPILER_APPICON_NAME = AppIcon;
				DEVELOPMENT_TEAM = MHN2XFC72U;
				INFOPLIST_FILE = UIMotionEffect/Info.plist;
				LD_RUNPATH_SEARCH_PATHS = "$(inherited) @executable_path/Frameworks";
				PRODUCT_BUNDLE_IDENTIFIER = com.zsw.UIMotionEffect;
				PRODUCT_NAME = "$(TARGET_NAME)";
			};
			name = Release;
		};
/* End XCBuildConfiguration section */

/* Begin XCConfigurationList section */
		F98BBA771E9CA26000644365 /* Build configuration list for PBXProject "UIMotionEffect" */ = {
			isa = XCConfigurationList;
			buildConfigurations = (
				F98BBA911E9CA26000644365 /* Debug */,
				F98BBA921E9CA26000644365 /* Release */,
			);
			defaultConfigurationIsVisible = 0;
			defaultConfigurationName = Release;
		};
		F98BBA931E9CA26000644365 /* Build configuration list for PBXNativeTarget "UIMotionEffect" */ = {
			isa = XCConfigurationList;
			buildConfigurations = (
				F98BBA941E9CA26000644365 /* Debug */,
				F98BBA951E9CA26000644365 /* Release */,
			);
			defaultConfigurationIsVisible = 0;
		};
/* End XCConfigurationList section */
	};
	rootObject = F98BBA741E9CA26000644365 /* Project object */;
}
